
Microsoft Visual Studio Solution File, Format Version 12.00
# Visual Studio Version 17
VisualStudioVersion = 17.11.34909.67
MinimumVisualStudioVersion = 10.0.40219.1
Project("{9A19103F-16F7-4668-BE54-9A1E7A4F7556}") = "APIproject", "APIproject\APIproject.csproj", "{61B4E46E-1F3F-4366-9395-B8EFEB06921C}"
EndProject
Project("{9A19103F-16F7-4668-BE54-9A1E7A4F7556}") = "APIprojectMVC", "APIprojectMVC\APIprojectMVC.csproj", "{9FB51896-622B-4B76-BE29-F2A5CA95139B}"
EndProject
Project("{9A19103F-16F7-4668-BE54-9A1E7A4F7556}") = "ControllersTestProject", "APIprojectTest\ControllersTestProject.csproj", "{1CCBD0D8-74D6-4834-BD8C-201E695640E9}"
EndProject
Project("{9A19103F-16F7-4668-BE54-9A1E7A4F7556}") = "ServicesTestProject", "servicesTestProject\ServicesTestProject.csproj", "{8CFF3B31-3FED-4264-AB98-DF28C9626ADB}"
EndProject
Project("{FAE04EC0-301F-11D3-BF4B-00C04F79EFBC}") = "ControllersTestUsingHttpClient", "ControllersTestUsingHttpClient\ControllersTestUsingHttpClient.csproj", "{9E47DF33-9439-435F-A80B-1E57F2471F71}"
EndProject
Global
	GlobalSection(SolutionConfigurationPlatforms) = preSolution
		Debug|Any CPU = Debug|Any CPU
		Release|Any CPU = Release|Any CPU
	EndGlobalSection
	GlobalSection(ProjectConfigurationPlatforms) = postSolution
		{61B4E46E-1F3F-4366-9395-B8EFEB06921C}.Debug|Any CPU.ActiveCfg = Debug|Any CPU
		{61B4E46E-1F3F-4366-9395-B8EFEB06921C}.Debug|Any CPU.Build.0 = Debug|Any CPU
		{61B4E46E-1F3F-4366-9395-B8EFEB06921C}.Release|Any CPU.ActiveCfg = Release|Any CPU
		{61B4E46E-1F3F-4366-9395-B8EFEB06921C}.Release|Any CPU.Build.0 = Release|Any CPU
		{9FB51896-622B-4B76-BE29-F2A5CA95139B}.Debug|Any CPU.ActiveCfg = Debug|Any CPU
		{9FB51896-622B-4B76-BE29-F2A5CA95139B}.Debug|Any CPU.Build.0 = Debug|Any CPU
		{9FB51896-622B-4B76-BE29-F2A5CA95139B}.Release|Any CPU.ActiveCfg = Release|Any CPU
		{9FB51896-622B-4B76-BE29-F2A5CA95139B}.Release|Any CPU.Build.0 = Release|Any CPU
		{1CCBD0D8-74D6-4834-BD8C-201E695640E9}.Debug|Any CPU.ActiveCfg = Debug|Any CPU
		{1CCBD0D8-74D6-4834-BD8C-201E695640E9}.Debug|Any CPU.Build.0 = Debug|Any CPU
		{1CCBD0D8-74D6-4834-BD8C-201E695640E9}.Release|Any CPU.ActiveCfg = Release|Any CPU
		{1CCBD0D8-74D6-4834-BD8C-201E695640E9}.Release|Any CPU.Build.0 = Release|Any CPU
		{8CFF3B31-3FED-4264-AB98-DF28C9626ADB}.Debug|Any CPU.ActiveCfg = Debug|Any CPU
		{8CFF3B31-3FED-4264-AB98-DF28C9626ADB}.Debug|Any CPU.Build.0 = Debug|Any CPU
		{8CFF3B31-3FED-4264-AB98-DF28C9626ADB}.Release|Any CPU.ActiveCfg = Release|Any CPU
		{8CFF3B31-3FED-4264-AB98-DF28C9626ADB}.Release|Any CPU.Build.0 = Release|Any CPU
		{9E47DF33-9439-435F-A80B-1E57F2471F71}.Debug|Any CPU.ActiveCfg = Debug|Any CPU
		{9E47DF33-9439-435F-A80B-1E57F2471F71}.Debug|Any CPU.Build.0 = Debug|Any CPU
		{9E47DF33-9439-435F-A80B-1E57F2471F71}.Release|Any CPU.ActiveCfg = Release|Any CPU
		{9E47DF33-9439-435F-A80B-1E57F2471F71}.Release|Any CPU.Build.0 = Release|Any CPU
	EndGlobalSection
	GlobalSection(SolutionProperties) = preSolution
		HideSolutionNode = FALSE
	EndGlobalSection
	GlobalSection(ExtensibilityGlobals) = postSolution
		SolutionGuid = {B6E3B267-DCB4-453C-B6A9-A648CF282975}
	EndGlobalSection
EndGlobal
